
Microsoft Visual Studio Solution File, Format Version 12.00
# Visual Studio Version 17
VisualStudioVersion = 17.7.34024.191
MinimumVisualStudioVersion = 10.0.40219.1
Project("{FAE04EC0-301F-11D3-BF4B-00C04F79EFBC}") = "MessageQueue", "MessageQueue\MessageQueue.csproj", "{7C553D94-AD81-4099-9C8B-6416EC3302CF}"
EndProject
Project("{2150E333-8FDC-42A3-9474-1A3956D46DE8}") = "方案項目", "方案項目", "{9C106EAC-A8F4-4C14-A62C-44A13C2B2EB7}"
	ProjectSection(SolutionItems) = preProject
		.editorconfig = .editorconfig
	EndProjectSection
EndProject
Project("{FAE04EC0-301F-11D3-BF4B-00C04F79EFBC}") = "MessageQueue.Direct", "MessageQueue.Direct\MessageQueue.Direct.csproj", "{C5E43A61-BB32-42F7-9934-241CB918BE79}"
EndProject
Project("{FAE04EC0-301F-11D3-BF4B-00C04F79EFBC}") = "MessageQueue.UnitTests", "MessageQueue.UnitTests\MessageQueue.UnitTests.csproj", "{162B50C3-1C00-4049-AAE2-95751A0115C3}"
EndProject
Project("{FAE04EC0-301F-11D3-BF4B-00C04F79EFBC}") = "MessageQueue.InProcess", "MessageQueue.InProcess\MessageQueue.InProcess.csproj", "{7F375495-F017-4D3A-AAEC-AB961E565303}"
EndProject
Project("{FAE04EC0-301F-11D3-BF4B-00C04F79EFBC}") = "MessageQueue.MongoDB", "MessageQueue.MongoDB\MessageQueue.MongoDB.csproj", "{19165161-CC36-402C-8F77-E6775E225806}"
EndProject
Project("{FAE04EC0-301F-11D3-BF4B-00C04F79EFBC}") = "MessageQueue.MongoDB.IntegrationTests", "MessageQueue.MongoDB.IntegrationTests\MessageQueue.MongoDB.IntegrationTests.csproj", "{F0505FB7-B779-4C55-914B-0D792ADEEF60}"
EndProject
Project("{FAE04EC0-301F-11D3-BF4B-00C04F79EFBC}") = "MessageQueue.Nats", "MessageQueue.Nats\MessageQueue.Nats.csproj", "{DF508AC1-5CAC-4494-BA1F-B7F297AE9B05}"
EndProject
Project("{FAE04EC0-301F-11D3-BF4B-00C04F79EFBC}") = "MessageQueue.Nats.UnitTests", "MessageQueue.Nats.UnitTests\MessageQueue.Nats.UnitTests.csproj", "{79FE7A6B-3CE0-4F76-9799-93D5CE52B586}"
EndProject
Global
	GlobalSection(SolutionConfigurationPlatforms) = preSolution
		Debug|Any CPU = Debug|Any CPU
		Release|Any CPU = Release|Any CPU
	EndGlobalSection
	GlobalSection(ProjectConfigurationPlatforms) = postSolution
		{7C553D94-AD81-4099-9C8B-6416EC3302CF}.Debug|Any CPU.ActiveCfg = Debug|Any CPU
		{7C553D94-AD81-4099-9C8B-6416EC3302CF}.Debug|Any CPU.Build.0 = Debug|Any CPU
		{7C553D94-AD81-4099-9C8B-6416EC3302CF}.Release|Any CPU.ActiveCfg = Release|Any CPU
		{7C553D94-AD81-4099-9C8B-6416EC3302CF}.Release|Any CPU.Build.0 = Release|Any CPU
		{C5E43A61-BB32-42F7-9934-241CB918BE79}.Debug|Any CPU.ActiveCfg = Debug|Any CPU
		{C5E43A61-BB32-42F7-9934-241CB918BE79}.Debug|Any CPU.Build.0 = Debug|Any CPU
		{C5E43A61-BB32-42F7-9934-241CB918BE79}.Release|Any CPU.ActiveCfg = Release|Any CPU
		{C5E43A61-BB32-42F7-9934-241CB918BE79}.Release|Any CPU.Build.0 = Release|Any CPU
		{162B50C3-1C00-4049-AAE2-95751A0115C3}.Debug|Any CPU.ActiveCfg = Debug|Any CPU
		{162B50C3-1C00-4049-AAE2-95751A0115C3}.Debug|Any CPU.Build.0 = Debug|Any CPU
		{162B50C3-1C00-4049-AAE2-95751A0115C3}.Release|Any CPU.ActiveCfg = Release|Any CPU
		{162B50C3-1C00-4049-AAE2-95751A0115C3}.Release|Any CPU.Build.0 = Release|Any CPU
		{7F375495-F017-4D3A-AAEC-AB961E565303}.Debug|Any CPU.ActiveCfg = Debug|Any CPU
		{7F375495-F017-4D3A-AAEC-AB961E565303}.Debug|Any CPU.Build.0 = Debug|Any CPU
		{7F375495-F017-4D3A-AAEC-AB961E565303}.Release|Any CPU.ActiveCfg = Release|Any CPU
		{7F375495-F017-4D3A-AAEC-AB961E565303}.Release|Any CPU.Build.0 = Release|Any CPU
		{19165161-CC36-402C-8F77-E6775E225806}.Debug|Any CPU.ActiveCfg = Debug|Any CPU
		{19165161-CC36-402C-8F77-E6775E225806}.Debug|Any CPU.Build.0 = Debug|Any CPU
		{19165161-CC36-402C-8F77-E6775E225806}.Release|Any CPU.ActiveCfg = Release|Any CPU
		{19165161-CC36-402C-8F77-E6775E225806}.Release|Any CPU.Build.0 = Release|Any CPU
		{F0505FB7-B779-4C55-914B-0D792ADEEF60}.Debug|Any CPU.ActiveCfg = Debug|Any CPU
		{F0505FB7-B779-4C55-914B-0D792ADEEF60}.Debug|Any CPU.Build.0 = Debug|Any CPU
		{F0505FB7-B779-4C55-914B-0D792ADEEF60}.Release|Any CPU.ActiveCfg = Release|Any CPU
		{F0505FB7-B779-4C55-914B-0D792ADEEF60}.Release|Any CPU.Build.0 = Release|Any CPU
		{DF508AC1-5CAC-4494-BA1F-B7F297AE9B05}.Debug|Any CPU.ActiveCfg = Debug|Any CPU
		{DF508AC1-5CAC-4494-BA1F-B7F297AE9B05}.Debug|Any CPU.Build.0 = Debug|Any CPU
		{DF508AC1-5CAC-4494-BA1F-B7F297AE9B05}.Release|Any CPU.ActiveCfg = Release|Any CPU
		{DF508AC1-5CAC-4494-BA1F-B7F297AE9B05}.Release|Any CPU.Build.0 = Release|Any CPU
		{79FE7A6B-3CE0-4F76-9799-93D5CE52B586}.Debug|Any CPU.ActiveCfg = Debug|Any CPU
		{79FE7A6B-3CE0-4F76-9799-93D5CE52B586}.Debug|Any CPU.Build.0 = Debug|Any CPU
		{79FE7A6B-3CE0-4F76-9799-93D5CE52B586}.Release|Any CPU.ActiveCfg = Release|Any CPU
		{79FE7A6B-3CE0-4F76-9799-93D5CE52B586}.Release|Any CPU.Build.0 = Release|Any CPU
	EndGlobalSection
	GlobalSection(SolutionProperties) = preSolution
		HideSolutionNode = FALSE
	EndGlobalSection
	GlobalSection(ExtensibilityGlobals) = postSolution
		SolutionGuid = {7C8D73BA-5718-4A9D-BBDF-2B5264F897E9}
	EndGlobalSection
EndGlobal
